
Microsoft Visual Studio Solution File, Format Version 12.00
Project("{FAE04EC0-301F-11D3-BF4B-00C04F79EFBC}") = "Advent20220101", "Advent20220101\Advent20220101.csproj", "{9DACAA14-8960-4CC7-A682-70ABCC91E20F}"
EndProject
Project("{FAE04EC0-301F-11D3-BF4B-00C04F79EFBC}") = "Advent20220102", "Advent20220102\Advent20220102.csproj", "{B9D5E987-BAD5-4F1A-9FF4-F2C89E340264}"
EndProject
Project("{FAE04EC0-301F-11D3-BF4B-00C04F79EFBC}") = "Advent20220201", "Advent20220201\Advent20220201.csproj", "{91FDCF1F-889A-4182-A374-9B6FE2F1EF06}"
EndProject
Project("{FAE04EC0-301F-11D3-BF4B-00C04F79EFBC}") = "Advent20220202", "Advent20220202\Advent20220202.csproj", "{47E604C1-1DEF-41DD-9189-B6423292A1F8}"
EndProject
Project("{FAE04EC0-301F-11D3-BF4B-00C04F79EFBC}") = "Advent20220301", "Advent20220301\Advent20220301.csproj", "{20EBD1BA-FE9A-4C8D-8D83-9D6373EA7F09}"
EndProject
Project("{FAE04EC0-301F-11D3-BF4B-00C04F79EFBC}") = "Advent20220302", "Advent20220302\Advent20220302.csproj", "{345D5A31-0A28-4D3F-B0AA-AE724F1EF13C}"
EndProject
Global
	GlobalSection(SolutionConfigurationPlatforms) = preSolution
		Debug|Any CPU = Debug|Any CPU
		Release|Any CPU = Release|Any CPU
	EndGlobalSection
	GlobalSection(ProjectConfigurationPlatforms) = postSolution
		{9DACAA14-8960-4CC7-A682-70ABCC91E20F}.Debug|Any CPU.ActiveCfg = Debug|Any CPU
		{9DACAA14-8960-4CC7-A682-70ABCC91E20F}.Debug|Any CPU.Build.0 = Debug|Any CPU
		{9DACAA14-8960-4CC7-A682-70ABCC91E20F}.Release|Any CPU.ActiveCfg = Release|Any CPU
		{9DACAA14-8960-4CC7-A682-70ABCC91E20F}.Release|Any CPU.Build.0 = Release|Any CPU
		{B9D5E987-BAD5-4F1A-9FF4-F2C89E340264}.Debug|Any CPU.ActiveCfg = Debug|Any CPU
		{B9D5E987-BAD5-4F1A-9FF4-F2C89E340264}.Debug|Any CPU.Build.0 = Debug|Any CPU
		{B9D5E987-BAD5-4F1A-9FF4-F2C89E340264}.Release|Any CPU.ActiveCfg = Release|Any CPU
		{B9D5E987-BAD5-4F1A-9FF4-F2C89E340264}.Release|Any CPU.Build.0 = Release|Any CPU
		{91FDCF1F-889A-4182-A374-9B6FE2F1EF06}.Debug|Any CPU.ActiveCfg = Debug|Any CPU
		{91FDCF1F-889A-4182-A374-9B6FE2F1EF06}.Debug|Any CPU.Build.0 = Debug|Any CPU
		{91FDCF1F-889A-4182-A374-9B6FE2F1EF06}.Release|Any CPU.ActiveCfg = Release|Any CPU
		{91FDCF1F-889A-4182-A374-9B6FE2F1EF06}.Release|Any CPU.Build.0 = Release|Any CPU
		{47E604C1-1DEF-41DD-9189-B6423292A1F8}.Debug|Any CPU.ActiveCfg = Debug|Any CPU
		{47E604C1-1DEF-41DD-9189-B6423292A1F8}.Debug|Any CPU.Build.0 = Debug|Any CPU
		{47E604C1-1DEF-41DD-9189-B6423292A1F8}.Release|Any CPU.ActiveCfg = Release|Any CPU
		{47E604C1-1DEF-41DD-9189-B6423292A1F8}.Release|Any CPU.Build.0 = Release|Any CPU
		{20EBD1BA-FE9A-4C8D-8D83-9D6373EA7F09}.Debug|Any CPU.ActiveCfg = Debug|Any CPU
		{20EBD1BA-FE9A-4C8D-8D83-9D6373EA7F09}.Debug|Any CPU.Build.0 = Debug|Any CPU
		{20EBD1BA-FE9A-4C8D-8D83-9D6373EA7F09}.Release|Any CPU.ActiveCfg = Release|Any CPU
		{20EBD1BA-FE9A-4C8D-8D83-9D6373EA7F09}.Release|Any CPU.Build.0 = Release|Any CPU
		{345D5A31-0A28-4D3F-B0AA-AE724F1EF13C}.Debug|Any CPU.ActiveCfg = Debug|Any CPU
		{345D5A31-0A28-4D3F-B0AA-AE724F1EF13C}.Debug|Any CPU.Build.0 = Debug|Any CPU
		{345D5A31-0A28-4D3F-B0AA-AE724F1EF13C}.Release|Any CPU.ActiveCfg = Release|Any CPU
		{345D5A31-0A28-4D3F-B0AA-AE724F1EF13C}.Release|Any CPU.Build.0 = Release|Any CPU
	EndGlobalSection
EndGlobal
