
Microsoft Visual Studio Solution File, Format Version 12.00
Project("{FAE04EC0-301F-11D3-BF4B-00C04F79EFBC}") = "Advent20220101", "Advent20220101\Advent20220101.csproj", "{9DACAA14-8960-4CC7-A682-70ABCC91E20F}"
EndProject
Project("{FAE04EC0-301F-11D3-BF4B-00C04F79EFBC}") = "Advent20220102", "Advent20220102\Advent20220102.csproj", "{B9D5E987-BAD5-4F1A-9FF4-F2C89E340264}"
EndProject
Project("{FAE04EC0-301F-11D3-BF4B-00C04F79EFBC}") = "Advent20220201", "Advent20220201\Advent20220201.csproj", "{91FDCF1F-889A-4182-A374-9B6FE2F1EF06}"
EndProject
Project("{FAE04EC0-301F-11D3-BF4B-00C04F79EFBC}") = "Advent20220202", "Advent20220202\Advent20220202.csproj", "{47E604C1-1DEF-41DD-9189-B6423292A1F8}"
EndProject
Project("{FAE04EC0-301F-11D3-BF4B-00C04F79EFBC}") = "Advent20220301", "Advent20220301\Advent20220301.csproj", "{20EBD1BA-FE9A-4C8D-8D83-9D6373EA7F09}"
EndProject
Project("{FAE04EC0-301F-11D3-BF4B-00C04F79EFBC}") = "Advent20220302", "Advent20220302\Advent20220302.csproj", "{345D5A31-0A28-4D3F-B0AA-AE724F1EF13C}"
EndProject
Project("{FAE04EC0-301F-11D3-BF4B-00C04F79EFBC}") = "Advent20220401", "Advent20220401\Advent20220401.csproj", "{4AF70652-DDD2-4A16-8610-7688A8BB7C37}"
EndProject
Project("{FAE04EC0-301F-11D3-BF4B-00C04F79EFBC}") = "Advent20220402", "Advent20220402\Advent20220402.csproj", "{C7284356-117C-4C6B-94CB-F996E2D111D6}"
EndProject
Project("{FAE04EC0-301F-11D3-BF4B-00C04F79EFBC}") = "Advent20220501", "Advent20220501\Advent20220501.csproj", "{8542DFCE-CC71-4383-BEE1-8A7D1A2BF97C}"
EndProject
Project("{FAE04EC0-301F-11D3-BF4B-00C04F79EFBC}") = "Advent20220502", "Advent20220502\Advent20220502.csproj", "{EDC308B8-1BD4-46D3-A91D-75D0A3FB0646}"
EndProject
Project("{FAE04EC0-301F-11D3-BF4B-00C04F79EFBC}") = "Advent20220601", "Advent20220601\Advent20220601.csproj", "{5E16DF72-49B7-4A1A-B452-C9E011306D68}"
EndProject
Project("{FAE04EC0-301F-11D3-BF4B-00C04F79EFBC}") = "Test123123", "Test123123\Test123123.csproj", "{74ADB2B7-4C34-4811-9461-85C39A7B812C}"
EndProject
Project("{FAE04EC0-301F-11D3-BF4B-00C04F79EFBC}") = "Advent20222401", "Advent20222401\Advent20222401.csproj", "{FDE631BE-D477-47D6-94BC-E61593058081}"
EndProject
Global
	GlobalSection(SolutionConfigurationPlatforms) = preSolution
		Debug|Any CPU = Debug|Any CPU
		Release|Any CPU = Release|Any CPU
	EndGlobalSection
	GlobalSection(ProjectConfigurationPlatforms) = postSolution
		{9DACAA14-8960-4CC7-A682-70ABCC91E20F}.Debug|Any CPU.ActiveCfg = Debug|Any CPU
		{9DACAA14-8960-4CC7-A682-70ABCC91E20F}.Debug|Any CPU.Build.0 = Debug|Any CPU
		{9DACAA14-8960-4CC7-A682-70ABCC91E20F}.Release|Any CPU.ActiveCfg = Release|Any CPU
		{9DACAA14-8960-4CC7-A682-70ABCC91E20F}.Release|Any CPU.Build.0 = Release|Any CPU
		{B9D5E987-BAD5-4F1A-9FF4-F2C89E340264}.Debug|Any CPU.ActiveCfg = Debug|Any CPU
		{B9D5E987-BAD5-4F1A-9FF4-F2C89E340264}.Debug|Any CPU.Build.0 = Debug|Any CPU
		{B9D5E987-BAD5-4F1A-9FF4-F2C89E340264}.Release|Any CPU.ActiveCfg = Release|Any CPU
		{B9D5E987-BAD5-4F1A-9FF4-F2C89E340264}.Release|Any CPU.Build.0 = Release|Any CPU
		{91FDCF1F-889A-4182-A374-9B6FE2F1EF06}.Debug|Any CPU.ActiveCfg = Debug|Any CPU
		{91FDCF1F-889A-4182-A374-9B6FE2F1EF06}.Debug|Any CPU.Build.0 = Debug|Any CPU
		{91FDCF1F-889A-4182-A374-9B6FE2F1EF06}.Release|Any CPU.ActiveCfg = Release|Any CPU
		{91FDCF1F-889A-4182-A374-9B6FE2F1EF06}.Release|Any CPU.Build.0 = Release|Any CPU
		{47E604C1-1DEF-41DD-9189-B6423292A1F8}.Debug|Any CPU.ActiveCfg = Debug|Any CPU
		{47E604C1-1DEF-41DD-9189-B6423292A1F8}.Debug|Any CPU.Build.0 = Debug|Any CPU
		{47E604C1-1DEF-41DD-9189-B6423292A1F8}.Release|Any CPU.ActiveCfg = Release|Any CPU
		{47E604C1-1DEF-41DD-9189-B6423292A1F8}.Release|Any CPU.Build.0 = Release|Any CPU
		{20EBD1BA-FE9A-4C8D-8D83-9D6373EA7F09}.Debug|Any CPU.ActiveCfg = Debug|Any CPU
		{20EBD1BA-FE9A-4C8D-8D83-9D6373EA7F09}.Debug|Any CPU.Build.0 = Debug|Any CPU
		{20EBD1BA-FE9A-4C8D-8D83-9D6373EA7F09}.Release|Any CPU.ActiveCfg = Release|Any CPU
		{20EBD1BA-FE9A-4C8D-8D83-9D6373EA7F09}.Release|Any CPU.Build.0 = Release|Any CPU
		{345D5A31-0A28-4D3F-B0AA-AE724F1EF13C}.Debug|Any CPU.ActiveCfg = Debug|Any CPU
		{345D5A31-0A28-4D3F-B0AA-AE724F1EF13C}.Debug|Any CPU.Build.0 = Debug|Any CPU
		{345D5A31-0A28-4D3F-B0AA-AE724F1EF13C}.Release|Any CPU.ActiveCfg = Release|Any CPU
		{345D5A31-0A28-4D3F-B0AA-AE724F1EF13C}.Release|Any CPU.Build.0 = Release|Any CPU
		{4AF70652-DDD2-4A16-8610-7688A8BB7C37}.Debug|Any CPU.ActiveCfg = Debug|Any CPU
		{4AF70652-DDD2-4A16-8610-7688A8BB7C37}.Debug|Any CPU.Build.0 = Debug|Any CPU
		{4AF70652-DDD2-4A16-8610-7688A8BB7C37}.Release|Any CPU.ActiveCfg = Release|Any CPU
		{4AF70652-DDD2-4A16-8610-7688A8BB7C37}.Release|Any CPU.Build.0 = Release|Any CPU
		{C7284356-117C-4C6B-94CB-F996E2D111D6}.Debug|Any CPU.ActiveCfg = Debug|Any CPU
		{C7284356-117C-4C6B-94CB-F996E2D111D6}.Debug|Any CPU.Build.0 = Debug|Any CPU
		{C7284356-117C-4C6B-94CB-F996E2D111D6}.Release|Any CPU.ActiveCfg = Release|Any CPU
		{C7284356-117C-4C6B-94CB-F996E2D111D6}.Release|Any CPU.Build.0 = Release|Any CPU
		{8542DFCE-CC71-4383-BEE1-8A7D1A2BF97C}.Debug|Any CPU.ActiveCfg = Debug|Any CPU
		{8542DFCE-CC71-4383-BEE1-8A7D1A2BF97C}.Debug|Any CPU.Build.0 = Debug|Any CPU
		{8542DFCE-CC71-4383-BEE1-8A7D1A2BF97C}.Release|Any CPU.ActiveCfg = Release|Any CPU
		{8542DFCE-CC71-4383-BEE1-8A7D1A2BF97C}.Release|Any CPU.Build.0 = Release|Any CPU
		{EDC308B8-1BD4-46D3-A91D-75D0A3FB0646}.Debug|Any CPU.ActiveCfg = Debug|Any CPU
		{EDC308B8-1BD4-46D3-A91D-75D0A3FB0646}.Debug|Any CPU.Build.0 = Debug|Any CPU
		{EDC308B8-1BD4-46D3-A91D-75D0A3FB0646}.Release|Any CPU.ActiveCfg = Release|Any CPU
		{EDC308B8-1BD4-46D3-A91D-75D0A3FB0646}.Release|Any CPU.Build.0 = Release|Any CPU
		{5E16DF72-49B7-4A1A-B452-C9E011306D68}.Debug|Any CPU.ActiveCfg = Debug|Any CPU
		{5E16DF72-49B7-4A1A-B452-C9E011306D68}.Debug|Any CPU.Build.0 = Debug|Any CPU
		{5E16DF72-49B7-4A1A-B452-C9E011306D68}.Release|Any CPU.ActiveCfg = Release|Any CPU
		{5E16DF72-49B7-4A1A-B452-C9E011306D68}.Release|Any CPU.Build.0 = Release|Any CPU
		{74ADB2B7-4C34-4811-9461-85C39A7B812C}.Debug|Any CPU.ActiveCfg = Debug|Any CPU
		{74ADB2B7-4C34-4811-9461-85C39A7B812C}.Debug|Any CPU.Build.0 = Debug|Any CPU
		{74ADB2B7-4C34-4811-9461-85C39A7B812C}.Release|Any CPU.ActiveCfg = Release|Any CPU
		{74ADB2B7-4C34-4811-9461-85C39A7B812C}.Release|Any CPU.Build.0 = Release|Any CPU
		{FDE631BE-D477-47D6-94BC-E61593058081}.Debug|Any CPU.ActiveCfg = Debug|Any CPU
		{FDE631BE-D477-47D6-94BC-E61593058081}.Debug|Any CPU.Build.0 = Debug|Any CPU
		{FDE631BE-D477-47D6-94BC-E61593058081}.Release|Any CPU.ActiveCfg = Release|Any CPU
		{FDE631BE-D477-47D6-94BC-E61593058081}.Release|Any CPU.Build.0 = Release|Any CPU
	EndGlobalSection
EndGlobal
